
Microsoft Visual Studio Solution File, Format Version 12.00
# Visual Studio Version 16
VisualStudioVersion = 16.0.29613.14
MinimumVisualStudioVersion = 10.0.40219.1
Project("{FAE04EC0-301F-11D3-BF4B-00C04F79EFBC}") = "Lesson3_3", "Lesson3_3.csproj", "{3A292EA9-171B-46D9-A341-DDB9065E9611}"
EndProject
Global
	GlobalSection(SolutionConfigurationPlatforms) = preSolution
		Debug|Any CPU = Debug|Any CPU
		Release|Any CPU = Release|Any CPU
	EndGlobalSection
	GlobalSection(ProjectConfigurationPlatforms) = postSolution
		{3A292EA9-171B-46D9-A341-DDB9065E9611}.Debug|Any CPU.ActiveCfg = Debug|Any CPU
		{3A292EA9-171B-46D9-A341-DDB9065E9611}.Debug|Any CPU.Build.0 = Debug|Any CPU
		{3A292EA9-171B-46D9-A341-DDB9065E9611}.Release|Any CPU.ActiveCfg = Release|Any CPU
		{3A292EA9-171B-46D9-A341-DDB9065E9611}.Release|Any CPU.Build.0 = Release|Any CPU
	EndGlobalSection
	GlobalSection(SolutionProperties) = preSolution
		HideSolutionNode = FALSE
	EndGlobalSection
	GlobalSection(ExtensibilityGlobals) = postSolution
		SolutionGuid = {DB9B48C4-8EB7-4CEB-A9F1-858B0A362D9F}
	EndGlobalSection
EndGlobal
